
Microsoft Visual Studio Solution File, Format Version 12.00
# Visual Studio Version 17
VisualStudioVersion = 17.0.32126.317
MinimumVisualStudioVersion = 10.0.40219.1
Project("{9A19103F-16F7-4668-BE54-9A1E7A4F7556}") = "CarRentals", "Ecommerce\CarRentals.csproj", "{D61A7677-C7A3-45BE-8357-30DB161805DC}"
EndProject
Global
	GlobalSection(SolutionConfigurationPlatforms) = preSolution
		Debug|Any CPU = Debug|Any CPU
		Release|Any CPU = Release|Any CPU
	EndGlobalSection
	GlobalSection(ProjectConfigurationPlatforms) = postSolution
		{D61A7677-C7A3-45BE-8357-30DB161805DC}.Debug|Any CPU.ActiveCfg = Debug|Any CPU
		{D61A7677-C7A3-45BE-8357-30DB161805DC}.Debug|Any CPU.Build.0 = Debug|Any CPU
		{D61A7677-C7A3-45BE-8357-30DB161805DC}.Release|Any CPU.ActiveCfg = Release|Any CPU
		{D61A7677-C7A3-45BE-8357-30DB161805DC}.Release|Any CPU.Build.0 = Release|Any CPU
	EndGlobalSection
	GlobalSection(SolutionProperties) = preSolution
		HideSolutionNode = FALSE
	EndGlobalSection
	GlobalSection(ExtensibilityGlobals) = postSolution
		SolutionGuid = {D4F2E54C-41D6-44FD-A982-0542D1B12927}
	EndGlobalSection
EndGlobal
